
Microsoft Visual Studio Solution File, Format Version 12.00
# Visual Studio Version 16
VisualStudioVersion = 16.0.29326.143
MinimumVisualStudioVersion = 10.0.40219.1
Project("{FAE04EC0-301F-11D3-BF4B-00C04F79EFBC}") = "e-CarSharing", "e-CarSharing.csproj", "{F848F06C-1B6D-4BB7-852F-946E1B53B241}"
EndProject
Global
	GlobalSection(SolutionConfigurationPlatforms) = preSolution
		Debug|Any CPU = Debug|Any CPU
		Release|Any CPU = Release|Any CPU
	EndGlobalSection
	GlobalSection(ProjectConfigurationPlatforms) = postSolution
		{F848F06C-1B6D-4BB7-852F-946E1B53B241}.Debug|Any CPU.ActiveCfg = Debug|Any CPU
		{F848F06C-1B6D-4BB7-852F-946E1B53B241}.Debug|Any CPU.Build.0 = Debug|Any CPU
		{F848F06C-1B6D-4BB7-852F-946E1B53B241}.Release|Any CPU.ActiveCfg = Release|Any CPU
		{F848F06C-1B6D-4BB7-852F-946E1B53B241}.Release|Any CPU.Build.0 = Release|Any CPU
	EndGlobalSection
	GlobalSection(SolutionProperties) = preSolution
		HideSolutionNode = FALSE
	EndGlobalSection
	GlobalSection(ExtensibilityGlobals) = postSolution
		SolutionGuid = {731CBD23-EB35-4AA9-92CE-B92371416E89}
	EndGlobalSection
EndGlobal
